
Microsoft Visual Studio Solution File, Format Version 12.00
# Visual Studio Version 17
VisualStudioVersion = 17.9.34622.214
MinimumVisualStudioVersion = 10.0.40219.1
Project("{FAE04EC0-301F-11D3-BF4B-00C04F79EFBC}") = "Entities", "Entities\Entities.csproj", "{845F254C-44FB-41F8-BF89-58A54D3CEECF}"
EndProject
Project("{FAE04EC0-301F-11D3-BF4B-00C04F79EFBC}") = "DataAccess", "DataAccess\DataAccess.csproj", "{E05E2107-1380-4928-A0ED-D66AF3084858}"
EndProject
Project("{FAE04EC0-301F-11D3-BF4B-00C04F79EFBC}") = "Business", "Business\Business.csproj", "{A7C9559F-B5F3-4201-8EA2-823C4492CE46}"
EndProject
Project("{FAE04EC0-301F-11D3-BF4B-00C04F79EFBC}") = "ConsoleUI", "ConsoleUI\ConsoleUI.csproj", "{8A303C06-F727-4AD7-9A66-E499EB9B10AA}"
EndProject
Global
	GlobalSection(SolutionConfigurationPlatforms) = preSolution
		Debug|Any CPU = Debug|Any CPU
		Release|Any CPU = Release|Any CPU
	EndGlobalSection
	GlobalSection(ProjectConfigurationPlatforms) = postSolution
		{845F254C-44FB-41F8-BF89-58A54D3CEECF}.Debug|Any CPU.ActiveCfg = Debug|Any CPU
		{845F254C-44FB-41F8-BF89-58A54D3CEECF}.Debug|Any CPU.Build.0 = Debug|Any CPU
		{845F254C-44FB-41F8-BF89-58A54D3CEECF}.Release|Any CPU.ActiveCfg = Release|Any CPU
		{845F254C-44FB-41F8-BF89-58A54D3CEECF}.Release|Any CPU.Build.0 = Release|Any CPU
		{E05E2107-1380-4928-A0ED-D66AF3084858}.Debug|Any CPU.ActiveCfg = Debug|Any CPU
		{E05E2107-1380-4928-A0ED-D66AF3084858}.Debug|Any CPU.Build.0 = Debug|Any CPU
		{E05E2107-1380-4928-A0ED-D66AF3084858}.Release|Any CPU.ActiveCfg = Release|Any CPU
		{E05E2107-1380-4928-A0ED-D66AF3084858}.Release|Any CPU.Build.0 = Release|Any CPU
		{A7C9559F-B5F3-4201-8EA2-823C4492CE46}.Debug|Any CPU.ActiveCfg = Debug|Any CPU
		{A7C9559F-B5F3-4201-8EA2-823C4492CE46}.Debug|Any CPU.Build.0 = Debug|Any CPU
		{A7C9559F-B5F3-4201-8EA2-823C4492CE46}.Release|Any CPU.ActiveCfg = Release|Any CPU
		{A7C9559F-B5F3-4201-8EA2-823C4492CE46}.Release|Any CPU.Build.0 = Release|Any CPU
		{8A303C06-F727-4AD7-9A66-E499EB9B10AA}.Debug|Any CPU.ActiveCfg = Debug|Any CPU
		{8A303C06-F727-4AD7-9A66-E499EB9B10AA}.Debug|Any CPU.Build.0 = Debug|Any CPU
		{8A303C06-F727-4AD7-9A66-E499EB9B10AA}.Release|Any CPU.ActiveCfg = Release|Any CPU
		{8A303C06-F727-4AD7-9A66-E499EB9B10AA}.Release|Any CPU.Build.0 = Release|Any CPU
	EndGlobalSection
	GlobalSection(SolutionProperties) = preSolution
		HideSolutionNode = FALSE
	EndGlobalSection
	GlobalSection(ExtensibilityGlobals) = postSolution
		SolutionGuid = {31BFD538-2BEA-4893-9C92-2272C9C9F7C5}
	EndGlobalSection
EndGlobal
